
Microsoft Visual Studio Solution File, Format Version 12.00
Project("{FAE04EC0-301F-11D3-BF4B-00C04F79EFBC}") = "AliasGame.Server", "AliasGame.Server\AliasGame.Server.csproj", "{E9EC43F7-C6C3-4E1C-8BE4-3199158B2CC2}"
EndProject
Project("{FAE04EC0-301F-11D3-BF4B-00C04F79EFBC}") = "AliasGame.Client", "AliasGame.Client\AliasGame.Client.csproj", "{36B3DA73-6148-4B46-A3B1-EAE7E06A8D1D}"
EndProject
Project("{FAE04EC0-301F-11D3-BF4B-00C04F79EFBC}") = "AliasGame.UI", "AliasGame.UI\AliasGame.UI.csproj", "{C9969F5E-115E-4B2F-B0DB-F8163F623BF9}"
EndProject
Global
	GlobalSection(SolutionConfigurationPlatforms) = preSolution
		Debug|Any CPU = Debug|Any CPU
		Release|Any CPU = Release|Any CPU
	EndGlobalSection
	GlobalSection(ProjectConfigurationPlatforms) = postSolution
		{E9EC43F7-C6C3-4E1C-8BE4-3199158B2CC2}.Debug|Any CPU.ActiveCfg = Debug|Any CPU
		{E9EC43F7-C6C3-4E1C-8BE4-3199158B2CC2}.Debug|Any CPU.Build.0 = Debug|Any CPU
		{E9EC43F7-C6C3-4E1C-8BE4-3199158B2CC2}.Release|Any CPU.ActiveCfg = Release|Any CPU
		{E9EC43F7-C6C3-4E1C-8BE4-3199158B2CC2}.Release|Any CPU.Build.0 = Release|Any CPU
		{36B3DA73-6148-4B46-A3B1-EAE7E06A8D1D}.Debug|Any CPU.ActiveCfg = Debug|Any CPU
		{36B3DA73-6148-4B46-A3B1-EAE7E06A8D1D}.Debug|Any CPU.Build.0 = Debug|Any CPU
		{36B3DA73-6148-4B46-A3B1-EAE7E06A8D1D}.Release|Any CPU.ActiveCfg = Release|Any CPU
		{36B3DA73-6148-4B46-A3B1-EAE7E06A8D1D}.Release|Any CPU.Build.0 = Release|Any CPU
		{C9969F5E-115E-4B2F-B0DB-F8163F623BF9}.Debug|Any CPU.ActiveCfg = Debug|Any CPU
		{C9969F5E-115E-4B2F-B0DB-F8163F623BF9}.Debug|Any CPU.Build.0 = Debug|Any CPU
		{C9969F5E-115E-4B2F-B0DB-F8163F623BF9}.Release|Any CPU.ActiveCfg = Release|Any CPU
		{C9969F5E-115E-4B2F-B0DB-F8163F623BF9}.Release|Any CPU.Build.0 = Release|Any CPU
	EndGlobalSection
EndGlobal
